
Microsoft Visual Studio Solution File, Format Version 12.00
# Visual Studio 15
VisualStudioVersion = 15.0.27703.2042
MinimumVisualStudioVersion = 10.0.40219.1
Project("{FAE04EC0-301F-11D3-BF4B-00C04F79EFBC}") = "GC", "GC\GC.csproj", "{B3EF7087-842B-4B94-AFD9-CE8E8E3135F2}"
EndProject
Global
	GlobalSection(SolutionConfigurationPlatforms) = preSolution
		Debug|Any CPU = Debug|Any CPU
		Release|Any CPU = Release|Any CPU
	EndGlobalSection
	GlobalSection(ProjectConfigurationPlatforms) = postSolution
		{B3EF7087-842B-4B94-AFD9-CE8E8E3135F2}.Debug|Any CPU.ActiveCfg = Debug|Any CPU
		{B3EF7087-842B-4B94-AFD9-CE8E8E3135F2}.Debug|Any CPU.Build.0 = Debug|Any CPU
		{B3EF7087-842B-4B94-AFD9-CE8E8E3135F2}.Release|Any CPU.ActiveCfg = Release|Any CPU
		{B3EF7087-842B-4B94-AFD9-CE8E8E3135F2}.Release|Any CPU.Build.0 = Release|Any CPU
	EndGlobalSection
	GlobalSection(SolutionProperties) = preSolution
		HideSolutionNode = FALSE
	EndGlobalSection
	GlobalSection(ExtensibilityGlobals) = postSolution
		SolutionGuid = {2390FE18-2F2B-413B-9B56-DC4FEC66BABE}
	EndGlobalSection
EndGlobal
