
Microsoft Visual Studio Solution File, Format Version 12.00
# Visual Studio 15
Project("{FAE04EC0-301F-11D3-BF4B-00C04F79EFBC}") = "AdventureTime", "AdventureTime.csproj", "{E552C70B-99C4-44D0-A0DB-19B4AA8FABEF}"
EndProject
Global
	GlobalSection(SolutionConfigurationPlatforms) = preSolution
		Debug|Any CPU = Debug|Any CPU
		Release|Any CPU = Release|Any CPU
	EndGlobalSection
	GlobalSection(ProjectConfigurationPlatforms) = postSolution
		{E552C70B-99C4-44D0-A0DB-19B4AA8FABEF}.Debug|Any CPU.ActiveCfg = Debug|Any CPU
		{E552C70B-99C4-44D0-A0DB-19B4AA8FABEF}.Debug|Any CPU.Build.0 = Debug|Any CPU
		{E552C70B-99C4-44D0-A0DB-19B4AA8FABEF}.Release|Any CPU.ActiveCfg = Release|Any CPU
		{E552C70B-99C4-44D0-A0DB-19B4AA8FABEF}.Release|Any CPU.Build.0 = Release|Any CPU
	EndGlobalSection
EndGlobal
