
Microsoft Visual Studio Solution File, Format Version 12.00
# Visual Studio 15
VisualStudioVersion = 15.0.28010.2026
MinimumVisualStudioVersion = 10.0.40219.1
Project("{FAE04EC0-301F-11D3-BF4B-00C04F79EFBC}") = "GarbageCollectorExperiments", "GarbageCollectorExperiments\GarbageCollectorExperiments.csproj", "{8CF545C9-FDCE-4EAA-A507-C6BA394E9020}"
EndProject
Global
	GlobalSection(SolutionConfigurationPlatforms) = preSolution
		Debug|Any CPU = Debug|Any CPU
		Release|Any CPU = Release|Any CPU
	EndGlobalSection
	GlobalSection(ProjectConfigurationPlatforms) = postSolution
		{8CF545C9-FDCE-4EAA-A507-C6BA394E9020}.Debug|Any CPU.ActiveCfg = Debug|Any CPU
		{8CF545C9-FDCE-4EAA-A507-C6BA394E9020}.Debug|Any CPU.Build.0 = Debug|Any CPU
		{8CF545C9-FDCE-4EAA-A507-C6BA394E9020}.Release|Any CPU.ActiveCfg = Release|Any CPU
		{8CF545C9-FDCE-4EAA-A507-C6BA394E9020}.Release|Any CPU.Build.0 = Release|Any CPU
	EndGlobalSection
	GlobalSection(SolutionProperties) = preSolution
		HideSolutionNode = FALSE
	EndGlobalSection
	GlobalSection(ExtensibilityGlobals) = postSolution
		SolutionGuid = {D70251AA-D5A9-4DE7-9B45-32B0048DB8DF}
	EndGlobalSection
EndGlobal
