
Microsoft Visual Studio Solution File, Format Version 12.00
# Visual Studio 15
VisualStudioVersion = 15.0.27004.2006
MinimumVisualStudioVersion = 10.0.40219.1
Project("{FAE04EC0-301F-11D3-BF4B-00C04F79EFBC}") = "CallMeMaybe.BaseModel", "CallMeMaybe.BaseModel\CallMeMaybe.BaseModel.csproj", "{8DECF2D5-C8D6-46D3-98CD-9CBFA7044DF0}"
EndProject
Project("{FAE04EC0-301F-11D3-BF4B-00C04F79EFBC}") = "CallMeMaybe.V1", "CallMeMaybe.V1\CallMeMaybe.V1.csproj", "{2F81D43A-EAC2-4995-BD85-C292D29C2EDF}"
EndProject
Project("{FAE04EC0-301F-11D3-BF4B-00C04F79EFBC}") = "CallMeMaybe.V2", "CallMeMaybe.V2\CallMeMaybe.V2.csproj", "{B266DBCA-9F32-42DC-958B-9F6519AD854A}"
EndProject
Project("{FAE04EC0-301F-11D3-BF4B-00C04F79EFBC}") = "CallMeMaybe.Final", "CallMeMaybe.Final\CallMeMaybe.Final.csproj", "{DE802FD9-54CF-4B0F-8FEE-54974495CAA1}"
EndProject
Project("{FAE04EC0-301F-11D3-BF4B-00C04F79EFBC}") = "CallMeMaybe", "CallMeMaybe\CallMeMaybe.csproj", "{8CB95A52-EF56-4CA7-A996-7F1D9879377B}"
EndProject
Global
	GlobalSection(SolutionConfigurationPlatforms) = preSolution
		Debug|Any CPU = Debug|Any CPU
		Release|Any CPU = Release|Any CPU
	EndGlobalSection
	GlobalSection(ProjectConfigurationPlatforms) = postSolution
		{8DECF2D5-C8D6-46D3-98CD-9CBFA7044DF0}.Debug|Any CPU.ActiveCfg = Debug|Any CPU
		{8DECF2D5-C8D6-46D3-98CD-9CBFA7044DF0}.Debug|Any CPU.Build.0 = Debug|Any CPU
		{8DECF2D5-C8D6-46D3-98CD-9CBFA7044DF0}.Release|Any CPU.ActiveCfg = Release|Any CPU
		{8DECF2D5-C8D6-46D3-98CD-9CBFA7044DF0}.Release|Any CPU.Build.0 = Release|Any CPU
		{2F81D43A-EAC2-4995-BD85-C292D29C2EDF}.Debug|Any CPU.ActiveCfg = Debug|Any CPU
		{2F81D43A-EAC2-4995-BD85-C292D29C2EDF}.Debug|Any CPU.Build.0 = Debug|Any CPU
		{2F81D43A-EAC2-4995-BD85-C292D29C2EDF}.Release|Any CPU.ActiveCfg = Release|Any CPU
		{2F81D43A-EAC2-4995-BD85-C292D29C2EDF}.Release|Any CPU.Build.0 = Release|Any CPU
		{B266DBCA-9F32-42DC-958B-9F6519AD854A}.Debug|Any CPU.ActiveCfg = Debug|Any CPU
		{B266DBCA-9F32-42DC-958B-9F6519AD854A}.Debug|Any CPU.Build.0 = Debug|Any CPU
		{B266DBCA-9F32-42DC-958B-9F6519AD854A}.Release|Any CPU.ActiveCfg = Release|Any CPU
		{B266DBCA-9F32-42DC-958B-9F6519AD854A}.Release|Any CPU.Build.0 = Release|Any CPU
		{DE802FD9-54CF-4B0F-8FEE-54974495CAA1}.Debug|Any CPU.ActiveCfg = Debug|Any CPU
		{DE802FD9-54CF-4B0F-8FEE-54974495CAA1}.Debug|Any CPU.Build.0 = Debug|Any CPU
		{DE802FD9-54CF-4B0F-8FEE-54974495CAA1}.Release|Any CPU.ActiveCfg = Release|Any CPU
		{DE802FD9-54CF-4B0F-8FEE-54974495CAA1}.Release|Any CPU.Build.0 = Release|Any CPU
		{8CB95A52-EF56-4CA7-A996-7F1D9879377B}.Debug|Any CPU.ActiveCfg = Debug|Any CPU
		{8CB95A52-EF56-4CA7-A996-7F1D9879377B}.Debug|Any CPU.Build.0 = Debug|Any CPU
		{8CB95A52-EF56-4CA7-A996-7F1D9879377B}.Release|Any CPU.ActiveCfg = Release|Any CPU
		{8CB95A52-EF56-4CA7-A996-7F1D9879377B}.Release|Any CPU.Build.0 = Release|Any CPU
	EndGlobalSection
	GlobalSection(SolutionProperties) = preSolution
		HideSolutionNode = FALSE
	EndGlobalSection
	GlobalSection(ExtensibilityGlobals) = postSolution
		SolutionGuid = {AC094A7E-931C-4F56-81CC-DC234446102E}
	EndGlobalSection
EndGlobal
