
Microsoft Visual Studio Solution File, Format Version 12.00
# Visual Studio 15
VisualStudioVersion = 15.0.26730.10
MinimumVisualStudioVersion = 10.0.40219.1
Project("{9A19103F-16F7-4668-BE54-9A1E7A4F7556}") = "Numbers", "Numbers\Numbers.csproj", "{2D84B259-DE19-40EA-8AFA-8A823BB21952}"
EndProject
Project("{9A19103F-16F7-4668-BE54-9A1E7A4F7556}") = "Numbers.Tests", "Numbers.Tests\Numbers.Tests.csproj", "{0F3FDC90-3269-4EEF-B6BB-4E006E0B6584}"
EndProject
Project("{2150E333-8FDC-42A3-9474-1A3956D46DE8}") = "Solution Items", "Solution Items", "{16E264C6-915D-4C89-B283-72FA5E9A35AC}"
	ProjectSection(SolutionItems) = preProject
		readme.md = readme.md
	EndProjectSection
EndProject
Global
	GlobalSection(SolutionConfigurationPlatforms) = preSolution
		Debug|Any CPU = Debug|Any CPU
		Release|Any CPU = Release|Any CPU
	EndGlobalSection
	GlobalSection(ProjectConfigurationPlatforms) = postSolution
		{2D84B259-DE19-40EA-8AFA-8A823BB21952}.Debug|Any CPU.ActiveCfg = Debug|Any CPU
		{2D84B259-DE19-40EA-8AFA-8A823BB21952}.Debug|Any CPU.Build.0 = Debug|Any CPU
		{2D84B259-DE19-40EA-8AFA-8A823BB21952}.Release|Any CPU.ActiveCfg = Release|Any CPU
		{2D84B259-DE19-40EA-8AFA-8A823BB21952}.Release|Any CPU.Build.0 = Release|Any CPU
		{0F3FDC90-3269-4EEF-B6BB-4E006E0B6584}.Debug|Any CPU.ActiveCfg = Debug|Any CPU
		{0F3FDC90-3269-4EEF-B6BB-4E006E0B6584}.Debug|Any CPU.Build.0 = Debug|Any CPU
		{0F3FDC90-3269-4EEF-B6BB-4E006E0B6584}.Release|Any CPU.ActiveCfg = Release|Any CPU
		{0F3FDC90-3269-4EEF-B6BB-4E006E0B6584}.Release|Any CPU.Build.0 = Release|Any CPU
	EndGlobalSection
	GlobalSection(SolutionProperties) = preSolution
		HideSolutionNode = FALSE
	EndGlobalSection
	GlobalSection(ExtensibilityGlobals) = postSolution
		SolutionGuid = {E3F2920D-F557-48B6-BA9F-66FF1B531852}
	EndGlobalSection
EndGlobal
