
Microsoft Visual Studio Solution File, Format Version 12.00
# Visual Studio 15
VisualStudioVersion = 15.0.28010.2019
MinimumVisualStudioVersion = 10.0.40219.1
Project("{9A19103F-16F7-4668-BE54-9A1E7A4F7556}") = "GcTime", "GcTime\GcTime.csproj", "{0D8BBF8B-F3CC-412A-BEEF-6E65F7B62716}"
EndProject
Global
	GlobalSection(SolutionConfigurationPlatforms) = preSolution
		Debug|Any CPU = Debug|Any CPU
		Debug|x64 = Debug|x64
		Release|Any CPU = Release|Any CPU
		Release|x64 = Release|x64
	EndGlobalSection
	GlobalSection(ProjectConfigurationPlatforms) = postSolution
		{0D8BBF8B-F3CC-412A-BEEF-6E65F7B62716}.Debug|Any CPU.ActiveCfg = Debug|Any CPU
		{0D8BBF8B-F3CC-412A-BEEF-6E65F7B62716}.Debug|Any CPU.Build.0 = Debug|Any CPU
		{0D8BBF8B-F3CC-412A-BEEF-6E65F7B62716}.Debug|x64.ActiveCfg = Debug|x64
		{0D8BBF8B-F3CC-412A-BEEF-6E65F7B62716}.Debug|x64.Build.0 = Debug|x64
		{0D8BBF8B-F3CC-412A-BEEF-6E65F7B62716}.Release|Any CPU.ActiveCfg = Release|Any CPU
		{0D8BBF8B-F3CC-412A-BEEF-6E65F7B62716}.Release|Any CPU.Build.0 = Release|Any CPU
		{0D8BBF8B-F3CC-412A-BEEF-6E65F7B62716}.Release|x64.ActiveCfg = Release|x64
		{0D8BBF8B-F3CC-412A-BEEF-6E65F7B62716}.Release|x64.Build.0 = Release|x64
	EndGlobalSection
	GlobalSection(SolutionProperties) = preSolution
		HideSolutionNode = FALSE
	EndGlobalSection
	GlobalSection(ExtensibilityGlobals) = postSolution
		SolutionGuid = {5C828BAF-ABDB-4102-A5B2-94E97E360DE8}
	EndGlobalSection
EndGlobal
