
Microsoft Visual Studio Solution File, Format Version 12.00
# Visual Studio 15
VisualStudioVersion = 15.0.27004.2002
MinimumVisualStudioVersion = 10.0.40219.1
Project("{9A19103F-16F7-4668-BE54-9A1E7A4F7556}") = "BoringVector", "BoringVector\BoringVector.csproj", "{7B438112-6A12-47BC-B494-FF8850924783}"
EndProject
Project("{FAE04EC0-301F-11D3-BF4B-00C04F79EFBC}") = "BoringVector.Test", "BoringVector.Test\BoringVector.Test.csproj", "{65123F19-91E9-4B90-945C-FC4DE1A6CC9E}"
EndProject
Global
	GlobalSection(SolutionConfigurationPlatforms) = preSolution
		Debug|Any CPU = Debug|Any CPU
		Release|Any CPU = Release|Any CPU
	EndGlobalSection
	GlobalSection(ProjectConfigurationPlatforms) = postSolution
		{7B438112-6A12-47BC-B494-FF8850924783}.Debug|Any CPU.ActiveCfg = Debug|Any CPU
		{7B438112-6A12-47BC-B494-FF8850924783}.Debug|Any CPU.Build.0 = Debug|Any CPU
		{7B438112-6A12-47BC-B494-FF8850924783}.Release|Any CPU.ActiveCfg = Release|Any CPU
		{7B438112-6A12-47BC-B494-FF8850924783}.Release|Any CPU.Build.0 = Release|Any CPU
		{65123F19-91E9-4B90-945C-FC4DE1A6CC9E}.Debug|Any CPU.ActiveCfg = Debug|Any CPU
		{65123F19-91E9-4B90-945C-FC4DE1A6CC9E}.Debug|Any CPU.Build.0 = Debug|Any CPU
		{65123F19-91E9-4B90-945C-FC4DE1A6CC9E}.Release|Any CPU.ActiveCfg = Release|Any CPU
		{65123F19-91E9-4B90-945C-FC4DE1A6CC9E}.Release|Any CPU.Build.0 = Release|Any CPU
	EndGlobalSection
	GlobalSection(SolutionProperties) = preSolution
		HideSolutionNode = FALSE
	EndGlobalSection
	GlobalSection(ExtensibilityGlobals) = postSolution
		SolutionGuid = {EFE2078F-ACE4-4C6F-86CF-3E42FB1E04F0}
	EndGlobalSection
EndGlobal
