
Microsoft Visual Studio Solution File, Format Version 12.00
# Visual Studio 15
VisualStudioVersion = 15.0.28010.2046
MinimumVisualStudioVersion = 10.0.40219.1
Project("{9A19103F-16F7-4668-BE54-9A1E7A4F7556}") = "GarbageLimits", "GarbageLimits\GarbageLimits.csproj", "{65C29752-50E6-421E-BE45-7F9174CA14E2}"
EndProject
Project("{FAE04EC0-301F-11D3-BF4B-00C04F79EFBC}") = "GarbageLimits.Test", "GarbageLimits.Test\GarbageLimits.Test.csproj", "{5E506CB9-9A93-4496-B694-61E7B2D3F011}"
EndProject
Global
	GlobalSection(SolutionConfigurationPlatforms) = preSolution
		Debug|Any CPU = Debug|Any CPU
		Release|Any CPU = Release|Any CPU
	EndGlobalSection
	GlobalSection(ProjectConfigurationPlatforms) = postSolution
		{65C29752-50E6-421E-BE45-7F9174CA14E2}.Debug|Any CPU.ActiveCfg = Debug|Any CPU
		{65C29752-50E6-421E-BE45-7F9174CA14E2}.Debug|Any CPU.Build.0 = Debug|Any CPU
		{65C29752-50E6-421E-BE45-7F9174CA14E2}.Release|Any CPU.ActiveCfg = Release|Any CPU
		{65C29752-50E6-421E-BE45-7F9174CA14E2}.Release|Any CPU.Build.0 = Release|Any CPU
		{5E506CB9-9A93-4496-B694-61E7B2D3F011}.Debug|Any CPU.ActiveCfg = Debug|Any CPU
		{5E506CB9-9A93-4496-B694-61E7B2D3F011}.Debug|Any CPU.Build.0 = Debug|Any CPU
		{5E506CB9-9A93-4496-B694-61E7B2D3F011}.Release|Any CPU.ActiveCfg = Release|Any CPU
		{5E506CB9-9A93-4496-B694-61E7B2D3F011}.Release|Any CPU.Build.0 = Release|Any CPU
	EndGlobalSection
	GlobalSection(SolutionProperties) = preSolution
		HideSolutionNode = FALSE
	EndGlobalSection
	GlobalSection(ExtensibilityGlobals) = postSolution
		SolutionGuid = {B2BBF628-816F-4D34-8238-7B0B5D3097C9}
	EndGlobalSection
EndGlobal
