
Microsoft Visual Studio Solution File, Format Version 12.00
# Visual Studio Version 16
VisualStudioVersion = 16.0.809.8
MinimumVisualStudioVersion = 10.0.40219.1
Project("{FAE04EC0-301F-11D3-BF4B-00C04F79EFBC}") = "BoringVector.Tests", "BoringVector.Tests.csproj", "{71110CB9-3ABA-4394-888C-B375F6865384}"
EndProject
Global
	GlobalSection(SolutionConfigurationPlatforms) = preSolution
		Debug|Any CPU = Debug|Any CPU
		Release|Any CPU = Release|Any CPU
	EndGlobalSection
	GlobalSection(ProjectConfigurationPlatforms) = postSolution
		{71110CB9-3ABA-4394-888C-B375F6865384}.Debug|Any CPU.ActiveCfg = Debug|Any CPU
		{71110CB9-3ABA-4394-888C-B375F6865384}.Debug|Any CPU.Build.0 = Debug|Any CPU
		{71110CB9-3ABA-4394-888C-B375F6865384}.Release|Any CPU.ActiveCfg = Release|Any CPU
		{71110CB9-3ABA-4394-888C-B375F6865384}.Release|Any CPU.Build.0 = Release|Any CPU
	EndGlobalSection
	GlobalSection(SolutionProperties) = preSolution
		HideSolutionNode = FALSE
	EndGlobalSection
	GlobalSection(ExtensibilityGlobals) = postSolution
		SolutionGuid = {B8D7C923-69AC-406D-82FC-8C5C7F42A929}
	EndGlobalSection
EndGlobal
