
Microsoft Visual Studio Solution File, Format Version 12.00
# Visual Studio Version 16
VisualStudioVersion = 16.0.809.8
MinimumVisualStudioVersion = 10.0.40219.1
Project("{FAE04EC0-301F-11D3-BF4B-00C04F79EFBC}") = "Numbers.Tests", "Numbers.Tests.csproj", "{655B19F3-7A54-4601-9C0F-591C9563BB96}"
EndProject
Global
	GlobalSection(SolutionConfigurationPlatforms) = preSolution
		Debug|Any CPU = Debug|Any CPU
		Release|Any CPU = Release|Any CPU
	EndGlobalSection
	GlobalSection(ProjectConfigurationPlatforms) = postSolution
		{655B19F3-7A54-4601-9C0F-591C9563BB96}.Debug|Any CPU.ActiveCfg = Debug|Any CPU
		{655B19F3-7A54-4601-9C0F-591C9563BB96}.Debug|Any CPU.Build.0 = Debug|Any CPU
		{655B19F3-7A54-4601-9C0F-591C9563BB96}.Release|Any CPU.ActiveCfg = Release|Any CPU
		{655B19F3-7A54-4601-9C0F-591C9563BB96}.Release|Any CPU.Build.0 = Release|Any CPU
	EndGlobalSection
	GlobalSection(SolutionProperties) = preSolution
		HideSolutionNode = FALSE
	EndGlobalSection
	GlobalSection(ExtensibilityGlobals) = postSolution
		SolutionGuid = {A6C32E93-3451-4469-B295-13871BA78A76}
	EndGlobalSection
EndGlobal
