
Microsoft Visual Studio Solution File, Format Version 12.00
Project("{FAE04EC0-301F-11D3-BF4B-00C04F79EFBC}") = "GarbageCollector", "GarbageCollector\GarbageCollector.csproj", "{0454F58C-2CE2-403D-B00A-F50EE712AD5A}"
EndProject
Global
	GlobalSection(SolutionConfigurationPlatforms) = preSolution
		Debug|Any CPU = Debug|Any CPU
		Release|Any CPU = Release|Any CPU
	EndGlobalSection
	GlobalSection(ProjectConfigurationPlatforms) = postSolution
		{0454F58C-2CE2-403D-B00A-F50EE712AD5A}.Debug|Any CPU.ActiveCfg = Debug|Any CPU
		{0454F58C-2CE2-403D-B00A-F50EE712AD5A}.Debug|Any CPU.Build.0 = Debug|Any CPU
		{0454F58C-2CE2-403D-B00A-F50EE712AD5A}.Release|Any CPU.ActiveCfg = Release|Any CPU
		{0454F58C-2CE2-403D-B00A-F50EE712AD5A}.Release|Any CPU.Build.0 = Release|Any CPU
	EndGlobalSection
EndGlobal
