
Microsoft Visual Studio Solution File, Format Version 12.00
# Visual Studio 15
VisualStudioVersion = 15.0.28010.2046
MinimumVisualStudioVersion = 10.0.40219.1
Project("{FAE04EC0-301F-11D3-BF4B-00C04F79EFBC}") = "GarbageCollector", "GarbageCollector\GarbageCollector.csproj", "{6A0BC5C4-EADF-4B02-AF2A-1BB6208BF8DC}"
EndProject
Global
	GlobalSection(SolutionConfigurationPlatforms) = preSolution
		Debug|Any CPU = Debug|Any CPU
		Release|Any CPU = Release|Any CPU
	EndGlobalSection
	GlobalSection(ProjectConfigurationPlatforms) = postSolution
		{6A0BC5C4-EADF-4B02-AF2A-1BB6208BF8DC}.Debug|Any CPU.ActiveCfg = Debug|Any CPU
		{6A0BC5C4-EADF-4B02-AF2A-1BB6208BF8DC}.Debug|Any CPU.Build.0 = Debug|Any CPU
		{6A0BC5C4-EADF-4B02-AF2A-1BB6208BF8DC}.Release|Any CPU.ActiveCfg = Release|Any CPU
		{6A0BC5C4-EADF-4B02-AF2A-1BB6208BF8DC}.Release|Any CPU.Build.0 = Release|Any CPU
	EndGlobalSection
	GlobalSection(SolutionProperties) = preSolution
		HideSolutionNode = FALSE
	EndGlobalSection
	GlobalSection(ExtensibilityGlobals) = postSolution
		SolutionGuid = {71C0C0B5-936C-42F9-9570-8A1F9C2D482A}
	EndGlobalSection
EndGlobal
