
Microsoft Visual Studio Solution File, Format Version 12.00
# Visual Studio Version 16
VisualStudioVersion = 16.0.28803.156
MinimumVisualStudioVersion = 10.0.40219.1
Project("{9A19103F-16F7-4668-BE54-9A1E7A4F7556}") = "WubbaLubbaDubDub", "WubbaLubbaDubDub\WubbaLubbaDubDub.csproj", "{0BEF817F-1BAA-4D48-BFB6-1148A0FDE484}"
EndProject
Project("{9A19103F-16F7-4668-BE54-9A1E7A4F7556}") = "WubbaLubbaDubDub.Tests", "WubbaLubbaDubDub.Tests\WubbaLubbaDubDub.Tests.csproj", "{A9C00A0A-D961-4A5E-BF74-96263B92CAB0}"
EndProject
Project("{9A19103F-16F7-4668-BE54-9A1E7A4F7556}") = "WubbaLubbaDubDub.Bench", "WubbaLubbaDubDub.Bench\WubbaLubbaDubDub.Bench.csproj", "{3FC24451-E344-4F21-BB3C-5B7BD971A205}"
EndProject
Project("{FAE04EC0-301F-11D3-BF4B-00C04F79EFBC}") = "WorkBench", "WorkBench\WorkBench.csproj", "{6F2CFC32-EF4C-4E38-9F92-5E37DD0686E2}"
EndProject
Global
	GlobalSection(SolutionConfigurationPlatforms) = preSolution
		Debug|Any CPU = Debug|Any CPU
		Release|Any CPU = Release|Any CPU
	EndGlobalSection
	GlobalSection(ProjectConfigurationPlatforms) = postSolution
		{0BEF817F-1BAA-4D48-BFB6-1148A0FDE484}.Debug|Any CPU.ActiveCfg = Debug|Any CPU
		{0BEF817F-1BAA-4D48-BFB6-1148A0FDE484}.Debug|Any CPU.Build.0 = Debug|Any CPU
		{0BEF817F-1BAA-4D48-BFB6-1148A0FDE484}.Release|Any CPU.ActiveCfg = Release|Any CPU
		{0BEF817F-1BAA-4D48-BFB6-1148A0FDE484}.Release|Any CPU.Build.0 = Release|Any CPU
		{A9C00A0A-D961-4A5E-BF74-96263B92CAB0}.Debug|Any CPU.ActiveCfg = Debug|Any CPU
		{A9C00A0A-D961-4A5E-BF74-96263B92CAB0}.Debug|Any CPU.Build.0 = Debug|Any CPU
		{A9C00A0A-D961-4A5E-BF74-96263B92CAB0}.Release|Any CPU.ActiveCfg = Release|Any CPU
		{A9C00A0A-D961-4A5E-BF74-96263B92CAB0}.Release|Any CPU.Build.0 = Release|Any CPU
		{3FC24451-E344-4F21-BB3C-5B7BD971A205}.Debug|Any CPU.ActiveCfg = Debug|Any CPU
		{3FC24451-E344-4F21-BB3C-5B7BD971A205}.Debug|Any CPU.Build.0 = Debug|Any CPU
		{3FC24451-E344-4F21-BB3C-5B7BD971A205}.Release|Any CPU.ActiveCfg = Release|Any CPU
		{3FC24451-E344-4F21-BB3C-5B7BD971A205}.Release|Any CPU.Build.0 = Release|Any CPU
		{6F2CFC32-EF4C-4E38-9F92-5E37DD0686E2}.Debug|Any CPU.ActiveCfg = Debug|Any CPU
		{6F2CFC32-EF4C-4E38-9F92-5E37DD0686E2}.Debug|Any CPU.Build.0 = Debug|Any CPU
		{6F2CFC32-EF4C-4E38-9F92-5E37DD0686E2}.Release|Any CPU.ActiveCfg = Release|Any CPU
		{6F2CFC32-EF4C-4E38-9F92-5E37DD0686E2}.Release|Any CPU.Build.0 = Release|Any CPU
	EndGlobalSection
	GlobalSection(SolutionProperties) = preSolution
		HideSolutionNode = FALSE
	EndGlobalSection
	GlobalSection(ExtensibilityGlobals) = postSolution
		SolutionGuid = {86B3B502-B458-403A-AC83-9942B4B0F42E}
	EndGlobalSection
EndGlobal
