
Microsoft Visual Studio Solution File, Format Version 12.00
# Visual Studio 15
VisualStudioVersion = 15.0.28010.2019
MinimumVisualStudioVersion = 10.0.40219.1
Project("{FAE04EC0-301F-11D3-BF4B-00C04F79EFBC}") = "LOHBenchmark", "LOHBenchmark\LOHBenchmark.csproj", "{A011689C-C3C1-49C5-A355-E500C4E6DE6A}"
EndProject
Global
	GlobalSection(SolutionConfigurationPlatforms) = preSolution
		Debug|Any CPU = Debug|Any CPU
		Release|Any CPU = Release|Any CPU
	EndGlobalSection
	GlobalSection(ProjectConfigurationPlatforms) = postSolution
		{A011689C-C3C1-49C5-A355-E500C4E6DE6A}.Debug|Any CPU.ActiveCfg = Debug|Any CPU
		{A011689C-C3C1-49C5-A355-E500C4E6DE6A}.Debug|Any CPU.Build.0 = Debug|Any CPU
		{A011689C-C3C1-49C5-A355-E500C4E6DE6A}.Release|Any CPU.ActiveCfg = Release|Any CPU
		{A011689C-C3C1-49C5-A355-E500C4E6DE6A}.Release|Any CPU.Build.0 = Release|Any CPU
	EndGlobalSection
	GlobalSection(SolutionProperties) = preSolution
		HideSolutionNode = FALSE
	EndGlobalSection
	GlobalSection(ExtensibilityGlobals) = postSolution
		SolutionGuid = {94E04EF2-FB2A-48D6-B948-E51C967E3F3A}
	EndGlobalSection
EndGlobal
